
Microsoft Visual Studio Solution File, Format Version 12.00
# Visual Studio Version 17
VisualStudioVersion = 17.11.35327.3
MinimumVisualStudioVersion = 10.0.40219.1
Project("{FAE04EC0-301F-11D3-BF4B-00C04F79EFBC}") = "Memory", "Memory\Memory.csproj", "{3623C2D1-1AC4-4D89-BE19-C0FC8F8092BF}"
EndProject
Global
	GlobalSection(SolutionConfigurationPlatforms) = preSolution
		Debug|Any CPU = Debug|Any CPU
		Release|Any CPU = Release|Any CPU
	EndGlobalSection
	GlobalSection(ProjectConfigurationPlatforms) = postSolution
		{3623C2D1-1AC4-4D89-BE19-C0FC8F8092BF}.Debug|Any CPU.ActiveCfg = Debug|Any CPU
		{3623C2D1-1AC4-4D89-BE19-C0FC8F8092BF}.Debug|Any CPU.Build.0 = Debug|Any CPU
		{3623C2D1-1AC4-4D89-BE19-C0FC8F8092BF}.Release|Any CPU.ActiveCfg = Release|Any CPU
		{3623C2D1-1AC4-4D89-BE19-C0FC8F8092BF}.Release|Any CPU.Build.0 = Release|Any CPU
	EndGlobalSection
	GlobalSection(SolutionProperties) = preSolution
		HideSolutionNode = FALSE
	EndGlobalSection
	GlobalSection(ExtensibilityGlobals) = postSolution
		SolutionGuid = {85FC6EE8-EFA7-4E1D-858C-337C7847A08F}
	EndGlobalSection
EndGlobal
